// !$*UTF8*$!
{
	archiveVersion = 1;
	classes = {
	};
	objectVersion = 50;
	objects = {

/* Begin PBXBuildFile section */
		3941B198253A6CBF00F19A80 /* MemoryGame.swift in Sources */ = {isa = PBXBuildFile; fileRef = 3941B197253A6CBF00F19A80 /* MemoryGame.swift */; };
		397916F724B530550094E99C /* AppDelegate.swift in Sources */ = {isa = PBXBuildFile; fileRef = 397916F624B530550094E99C /* AppDelegate.swift */; };
		397916F924B530550094E99C /* SceneDelegate.swift in Sources */ = {isa = PBXBuildFile; fileRef = 397916F824B530550094E99C /* SceneDelegate.swift */; };
		397916FB24B530550094E99C /* EmojiMemoryGameView.swift in Sources */ = {isa = PBXBuildFile; fileRef = 397916FA24B530550094E99C /* EmojiMemoryGameView.swift */; };
		397916FD24B5305B0094E99C /* Assets.xcassets in Resources */ = {isa = PBXBuildFile; fileRef = 397916FC24B5305B0094E99C /* Assets.xcassets */; };
		3979170024B5305B0094E99C /* Preview Assets.xcassets in Resources */ = {isa = PBXBuildFile; fileRef = 397916FF24B5305B0094E99C /* Preview Assets.xcassets */; };
		3979170324B5305B0094E99C /* LaunchScreen.storyboard in Resources */ = {isa = PBXBuildFile; fileRef = 3979170124B5305B0094E99C /* LaunchScreen.storyboard */; };
		3979170D24B944850094E99C /* EmojiMemoryGame.swift in Sources */ = {isa = PBXBuildFile; fileRef = 3979170C24B944850094E99C /* EmojiMemoryGame.swift */; };
		39A911E424EC821C0041BDF2 /* Grid.swift in Sources */ = {isa = PBXBuildFile; fileRef = 39A911E324EC821C0041BDF2 /* Grid.swift */; };
		39A911E624EC86C00041BDF2 /* GridLayout.swift in Sources */ = {isa = PBXBuildFile; fileRef = 39A911E524EC86C00041BDF2 /* GridLayout.swift */; };
		39A911E824EC89DB0041BDF2 /* Array+Identifiable.swift in Sources */ = {isa = PBXBuildFile; fileRef = 39A911E724EC89DB0041BDF2 /* Array+Identifiable.swift */; };
		39A911EA24F721FD0041BDF2 /* Array+Only.swift in Sources */ = {isa = PBXBuildFile; fileRef = 39A911E924F721FD0041BDF2 /* Array+Only.swift */; };
/* End PBXBuildFile section */

/* Begin PBXFileReference section */
		3941B197253A6CBF00F19A80 /* MemoryGame.swift */ = {isa = PBXFileReference; fileEncoding = 4; lastKnownFileType = sourcecode.swift; path = MemoryGame.swift; sourceTree = "<group>"; };
		397916F324B530550094E99C /* Memorize.app */ = {isa = PBXFileReference; explicitFileType = wrapper.application; includeInIndex = 0; path = Memorize.app; sourceTree = BUILT_PRODUCTS_DIR; };
		397916F624B530550094E99C /* AppDelegate.swift */ = {isa = PBXFileReference; lastKnownFileType = sourcecode.swift; path = AppDelegate.swift; sourceTree = "<group>"; };
		397916F824B530550094E99C /* SceneDelegate.swift */ = {isa = PBXFileReference; lastKnownFileType = sourcecode.swift; path = SceneDelegate.swift; sourceTree = "<group>"; };
		397916FA24B530550094E99C /* EmojiMemoryGameView.swift */ = {isa = PBXFileReference; lastKnownFileType = sourcecode.swift; path = EmojiMemoryGameView.swift; sourceTree = "<group>"; };
		397916FC24B5305B0094E99C /* Assets.xcassets */ = {isa = PBXFileReference; lastKnownFileType = folder.assetcatalog; path = Assets.xcassets; sourceTree = "<group>"; };
		397916FF24B5305B0094E99C /* Preview Assets.xcassets */ = {isa = PBXFileReference; lastKnownFileType = folder.assetcatalog; path = "Preview Assets.xcassets"; sourceTree = "<group>"; };
		3979170224B5305B0094E99C /* Base */ = {isa = PBXFileReference; lastKnownFileType = file.storyboard; name = Base; path = Base.lproj/LaunchScreen.storyboard; sourceTree = "<group>"; };
		3979170424B5305B0094E99C /* Info.plist */ = {isa = PBXFileReference; lastKnownFileType = text.plist.xml; path = Info.plist; sourceTree = "<group>"; };
		3979170C24B944850094E99C /* EmojiMemoryGame.swift */ = {isa = PBXFileReference; lastKnownFileType = sourcecode.swift; path = EmojiMemoryGame.swift; sourceTree = "<group>"; };
		39A911E324EC821C0041BDF2 /* Grid.swift */ = {isa = PBXFileReference; lastKnownFileType = sourcecode.swift; path = Grid.swift; sourceTree = "<group>"; };
		39A911E524EC86C00041BDF2 /* GridLayout.swift */ = {isa = PBXFileReference; fileEncoding = 4; lastKnownFileType = sourcecode.swift; path = GridLayout.swift; sourceTree = "<group>"; };
		39A911E724EC89DB0041BDF2 /* Array+Identifiable.swift */ = {isa = PBXFileReference; lastKnownFileType = sourcecode.swift; path = "Array+Identifiable.swift"; sourceTree = "<group>"; };
		39A911E924F721FD0041BDF2 /* Array+Only.swift */ = {isa = PBXFileReference; lastKnownFileType = sourcecode.swift; path = "Array+Only.swift"; sourceTree = "<group>"; };
/* End PBXFileReference section */

/* Begin PBXFrameworksBuildPhase section */
		397916F024B530550094E99C /* Frameworks */ = {
			isa = PBXFrameworksBuildPhase;
			buildActionMask = 2147483647;
			files = (
			);
			runOnlyForDeploymentPostprocessing = 0;
		};
/* End PBXFrameworksBuildPhase section */

/* Begin PBXGroup section */
		397916EA24B530550094E99C = {
			isa = PBXGroup;
			children = (
				397916F524B530550094E99C /* Memorize */,
				397916F424B530550094E99C /* Products */,
			);
			sourceTree = "<group>";
		};
		397916F424B530550094E99C /* Products */ = {
			isa = PBXGroup;
			children = (
				397916F324B530550094E99C /* Memorize.app */,
			);
			name = Products;
			sourceTree = "<group>";
		};
		397916F524B530550094E99C /* Memorize */ = {
			isa = PBXGroup;
			children = (
				39A911E524EC86C00041BDF2 /* GridLayout.swift */,
				3941B197253A6CBF00F19A80 /* MemoryGame.swift */,
				39A911E924F721FD0041BDF2 /* Array+Only.swift */,
				3979170C24B944850094E99C /* EmojiMemoryGame.swift */,
				397916F624B530550094E99C /* AppDelegate.swift */,
				397916F824B530550094E99C /* SceneDelegate.swift */,
				397916FA24B530550094E99C /* EmojiMemoryGameView.swift */,
				397916FC24B5305B0094E99C /* Assets.xcassets */,
				3979170124B5305B0094E99C /* LaunchScreen.storyboard */,
				3979170424B5305B0094E99C /* Info.plist */,
				397916FE24B5305B0094E99C /* Preview Content */,
				39A911E324EC821C0041BDF2 /* Grid.swift */,
				39A911E724EC89DB0041BDF2 /* Array+Identifiable.swift */,
			);
			path = Memorize;
			sourceTree = "<group>";
		};
		397916FE24B5305B0094E99C /* Preview Content */ = {
			isa = PBXGroup;
			children = (
				397916FF24B5305B0094E99C /* Preview Assets.xcassets */,
			);
			path = "Preview Content";
			sourceTree = "<group>";
		};
/* End PBXGroup section */

/* Begin PBXNativeTarget section */
		397916F224B530550094E99C /* Memorize */ = {
			isa = PBXNativeTarget;
			buildConfigurationList = 3979170724B5305B0094E99C /* Build configuration list for PBXNativeTarget "Memorize" */;
			buildPhases = (
				397916EF24B530550094E99C /* Sources */,
				397916F024B530550094E99C /* Frameworks */,
				397916F124B530550094E99C /* Resources */,
			);
			buildRules = (
			);
			dependencies = (
			);
			name = Memorize;
			productName = Memorize;
			productReference = 397916F324B530550094E99C /* Memorize.app */;
			productType = "com.apple.product-type.application";
		};
/* End PBXNativeTarget section */

/* Begin PBXProject section */
		397916EB24B530550094E99C /* Project object */ = {
			isa = PBXProject;
			attributes = {
				LastSwiftUpdateCheck = 1150;
				LastUpgradeCheck = 1150;
				ORGANIZATIONNAME = "Victor Luni";
				TargetAttributes = {
					397916F224B530550094E99C = {
						CreatedOnToolsVersion = 11.5;
					};
				};
			};
			buildConfigurationList = 397916EE24B530550094E99C /* Build configuration list for PBXProject "Memorize" */;
			compatibilityVersion = "Xcode 9.3";
			developmentRegion = en;
			hasScannedForEncodings = 0;
			knownRegions = (
				en,
				Base,
			);
			mainGroup = 397916EA24B530550094E99C;
			productRefGroup = 397916F424B530550094E99C /* Products */;
			projectDirPath = "";
			projectRoot = "";
			targets = (
				397916F224B530550094E99C /* Memorize */,
			);
		};
/* End PBXProject section */

/* Begin PBXResourcesBuildPhase section */
		397916F124B530550094E99C /* Resources */ = {
			isa = PBXResourcesBuildPhase;
			buildActionMask = 2147483647;
			files = (
				3979170324B5305B0094E99C /* LaunchScreen.storyboard in Resources */,
				3979170024B5305B0094E99C /* Preview Assets.xcassets in Resources */,
				397916FD24B5305B0094E99C /* Assets.xcassets in Resources */,
			);
			runOnlyForDeploymentPostprocessing = 0;
		};
/* End PBXResourcesBuildPhase section */

/* Begin PBXSourcesBuildPhase section */
		397916EF24B530550094E99C /* Sources */ = {
			isa = PBXSourcesBuildPhase;
			buildActionMask = 2147483647;
			files = (
				397916F724B530550094E99C /* AppDelegate.swift in Sources */,
				397916F924B530550094E99C /* SceneDelegate.swift in Sources */,
				3941B198253A6CBF00F19A80 /* MemoryGame.swift in Sources */,
				39A911EA24F721FD0041BDF2 /* Array+Only.swift in Sources */,
				397916FB24B530550094E99C /* EmojiMemoryGameView.swift in Sources */,
				3979170D24B944850094E99C /* EmojiMemoryGame.swift in Sources */,
				39A911E824EC89DB0041BDF2 /* Array+Identifiable.swift in Sources */,
				39A911E624EC86C00041BDF2 /* GridLayout.swift in Sources */,
				39A911E424EC821C0041BDF2 /* Grid.swift in Sources */,
			);
			runOnlyForDeploymentPostprocessing = 0;
		};
/* End PBXSourcesBuildPhase section */

/* Begin PBXVariantGroup section */
		3979170124B5305B0094E99C /* LaunchScreen.storyboard */ = {
			isa = PBXVariantGroup;
			children = (
				3979170224B5305B0094E99C /* Base */,
			);
			name = LaunchScreen.storyboard;
			sourceTree = "<group>";
		};
/* End PBXVariantGroup section */

/* Begin XCBuildConfiguration section */
		3979170524B5305B0094E99C /* Debug */ = {
			isa = XCBuildConfiguration;
			buildSettings = {
				ALWAYS_SEARCH_USER_PATHS = NO;
				CLANG_ANALYZER_NONNULL = YES;
				CLANG_ANALYZER_NUMBER_OBJECT_CONVERSION = YES_AGGRESSIVE;
				CLANG_CXX_LANGUAGE_STANDARD = "gnu++14";
				CLANG_CXX_LIBRARY = "libc++";
				CLANG_ENABLE_MODULES = YES;
				CLANG_ENABLE_OBJC_ARC = YES;
				CLANG_ENABLE_OBJC_WEAK = YES;
				CLANG_WARN_BLOCK_CAPTURE_AUTORELEASING = YES;
				CLANG_WARN_BOOL_CONVERSION = YES;
				CLANG_WARN_COMMA = YES;
				CLANG_WARN_CONSTANT_CONVERSION = YES;
				CLANG_WARN_DEPRECATED_OBJC_IMPLEMENTATIONS = YES;
				CLANG_WARN_DIRECT_OBJC_ISA_USAGE = YES_ERROR;
				CLANG_WARN_DOCUMENTATION_COMMENTS = YES;
				CLANG_WARN_EMPTY_BODY = YES;
				CLANG_WARN_ENUM_CONVERSION = YES;
				CLANG_WARN_INFINITE_RECURSION = YES;
				CLANG_WARN_INT_CONVERSION = YES;
				CLANG_WARN_NON_LITERAL_NULL_CONVERSION = YES;
				CLANG_WARN_OBJC_IMPLICIT_RETAIN_SELF = YES;
				CLANG_WARN_OBJC_LITERAL_CONVERSION = YES;
				CLANG_WARN_OBJC_ROOT_CLASS = YES_ERROR;
				CLANG_WARN_RANGE_LOOP_ANALYSIS = YES;
				CLANG_WARN_STRICT_PROTOTYPES = YES;
				CLANG_WARN_SUSPICIOUS_MOVE = YES;
				CLANG_WARN_UNGUARDED_AVAILABILITY = YES_AGGRESSIVE;
				CLANG_WARN_UNREACHABLE_CODE = YES;
				CLANG_WARN__DUPLICATE_METHOD_MATCH = YES;
				COPY_PHASE_STRIP = NO;
				DEBUG_INFORMATION_FORMAT = dwarf;
				ENABLE_STRICT_OBJC_MSGSEND = YES;
				ENABLE_TESTABILITY = YES;
				GCC_C_LANGUAGE_STANDARD = gnu11;
				GCC_DYNAMIC_NO_PIC = NO;
				GCC_NO_COMMON_BLOCKS = YES;
				GCC_OPTIMIZATION_LEVEL = 0;
				GCC_PREPROCESSOR_DEFINITIONS = (
					"DEBUG=1",
					"$(inherited)",
				);
				GCC_WARN_64_TO_32_BIT_CONVERSION = YES;
				GCC_WARN_ABOUT_RETURN_TYPE = YES_ERROR;
				GCC_WARN_UNDECLARED_SELECTOR = YES;
				GCC_WARN_UNINITIALIZED_AUTOS = YES_AGGRESSIVE;
				GCC_WARN_UNUSED_FUNCTION = YES;
				GCC_WARN_UNUSED_VARIABLE = YES;
				IPHONEOS_DEPLOYMENT_TARGET = 13.5;
				MTL_ENABLE_DEBUG_INFO = INCLUDE_SOURCE;
				MTL_FAST_MATH = YES;
				ONLY_ACTIVE_ARCH = YES;
				SDKROOT = iphoneos;
				SWIFT_ACTIVE_COMPILATION_CONDITIONS = DEBUG;
				SWIFT_OPTIMIZATION_LEVEL = "-Onone";
			};
			name = Debug;
		};
		3979170624B5305B0094E99C /* Release */ = {
			isa = XCBuildConfiguration;
			buildSettings = {
				ALWAYS_SEARCH_USER_PATHS = NO;
				CLANG_ANALYZER_NONNULL = YES;
				CLANG_ANALYZER_NUMBER_OBJECT_CONVERSION = YES_AGGRESSIVE;
				CLANG_CXX_LANGUAGE_STANDARD = "gnu++14";
				CLANG_CXX_LIBRARY = "libc++";
				CLANG_ENABLE_MODULES = YES;
				CLANG_ENABLE_OBJC_ARC = YES;
				CLANG_ENABLE_OBJC_WEAK = YES;
				CLANG_WARN_BLOCK_CAPTURE_AUTORELEASING = YES;
				CLANG_WARN_BOOL_CONVERSION = YES;
				CLANG_WARN_COMMA = YES;
				CLANG_WARN_CONSTANT_CONVERSION = YES;
				CLANG_WARN_DEPRECATED_OBJC_IMPLEMENTATIONS = YES;
				CLANG_WARN_DIRECT_OBJC_ISA_USAGE = YES_ERROR;
				CLANG_WARN_DOCUMENTATION_COMMENTS = YES;
				CLANG_WARN_EMPTY_BODY = YES;
				CLANG_WARN_ENUM_CONVERSION = YES;
				CLANG_WARN_INFINITE_RECURSION = YES;
				CLANG_WARN_INT_CONVERSION = YES;
				CLANG_WARN_NON_LITERAL_NULL_CONVERSION = YES;
				CLANG_WARN_OBJC_IMPLICIT_RETAIN_SELF = YES;
				CLANG_WARN_OBJC_LITERAL_CONVERSION = YES;
				CLANG_WARN_OBJC_ROOT_CLASS = YES_ERROR;
				CLANG_WARN_RANGE_LOOP_ANALYSIS = YES;
				CLANG_WARN_STRICT_PROTOTYPES = YES;
				CLANG_WARN_SUSPICIOUS_MOVE = YES;
				CLANG_WARN_UNGUARDED_AVAILABILITY = YES_AGGRESSIVE;
				CLANG_WARN_UNREACHABLE_CODE = YES;
				CLANG_WARN__DUPLICATE_METHOD_MATCH = YES;
				COPY_PHASE_STRIP = NO;
				DEBUG_INFORMATION_FORMAT = "dwarf-with-dsym";
				ENABLE_NS_ASSERTIONS = NO;
				ENABLE_STRICT_OBJC_MSGSEND = YES;
				GCC_C_LANGUAGE_STANDARD = gnu11;
				GCC_NO_COMMON_BLOCKS = YES;
				GCC_WARN_64_TO_32_BIT_CONVERSION = YES;
				GCC_WARN_ABOUT_RETURN_TYPE = YES_ERROR;
				GCC_WARN_UNDECLARED_SELECTOR = YES;
				GCC_WARN_UNINITIALIZED_AUTOS = YES_AGGRESSIVE;
				GCC_WARN_UNUSED_FUNCTION = YES;
				GCC_WARN_UNUSED_VARIABLE = YES;
				IPHONEOS_DEPLOYMENT_TARGET = 13.5;
				MTL_ENABLE_DEBUG_INFO = NO;
				MTL_FAST_MATH = YES;
				SDKROOT = iphoneos;
				SWIFT_COMPILATION_MODE = wholemodule;
				SWIFT_OPTIMIZATION_LEVEL = "-O";
				VALIDATE_PRODUCT = YES;
			};
			name = Release;
		};
		3979170824B5305B0094E99C /* Debug */ = {
			isa = XCBuildConfiguration;
			buildSettings = {
				ASSETCATALOG_COMPILER_APPICON_NAME = AppIcon;
				CODE_SIGN_STYLE = Automatic;
				DEVELOPMENT_ASSET_PATHS = "\"Memorize/Preview Content\"";
				DEVELOPMENT_TEAM = 8WEL4BUHZA;
				ENABLE_PREVIEWS = YES;
				INFOPLIST_FILE = Memorize/Info.plist;
				LD_RUNPATH_SEARCH_PATHS = (
					"$(inherited)",
					"@executable_path/Frameworks",
				);
				PRODUCT_BUNDLE_IDENTIFIER = stanford.luni.victor.Memorize;
				PRODUCT_NAME = "$(TARGET_NAME)";
				SWIFT_VERSION = 5.0;
				TARGETED_DEVICE_FAMILY = "1,2";
			};
			name = Debug;
		};
		3979170924B5305B0094E99C /* Release */ = {
			isa = XCBuildConfiguration;
			buildSettings = {
				ASSETCATALOG_COMPILER_APPICON_NAME = AppIcon;
				CODE_SIGN_STYLE = Automatic;
				DEVELOPMENT_ASSET_PATHS = "\"Memorize/Preview Content\"";
				DEVELOPMENT_TEAM = 8WEL4BUHZA;
				ENABLE_PREVIEWS = YES;
				INFOPLIST_FILE = Memorize/Info.plist;
				LD_RUNPATH_SEARCH_PATHS = (
					"$(inherited)",
					"@executable_path/Frameworks",
				);
				PRODUCT_BUNDLE_IDENTIFIER = stanford.luni.victor.Memorize;
				PRODUCT_NAME = "$(TARGET_NAME)";
				SWIFT_VERSION = 5.0;
				TARGETED_DEVICE_FAMILY = "1,2";
			};
			name = Release;
		};
/* End XCBuildConfiguration section */

/* Begin XCConfigurationList section */
		397916EE24B530550094E99C /* Build configuration list for PBXProject "Memorize" */ = {
			isa = XCConfigurationList;
			buildConfigurations = (
				3979170524B5305B0094E99C /* Debug */,
				3979170624B5305B0094E99C /* Release */,
			);
			defaultConfigurationIsVisible = 0;
			defaultConfigurationName = Release;
		};
		3979170724B5305B0094E99C /* Build configuration list for PBXNativeTarget "Memorize" */ = {
			isa = XCConfigurationList;
			buildConfigurations = (
				3979170824B5305B0094E99C /* Debug */,
				3979170924B5305B0094E99C /* Release */,
			);
			defaultConfigurationIsVisible = 0;
			defaultConfigurationName = Release;
		};
/* End XCConfigurationList section */
	};
	rootObject = 397916EB24B530550094E99C /* Project object */;
}
